
Microsoft Visual Studio Solution File, Format Version 12.00
# Visual Studio Version 17
VisualStudioVersion = 17.8.34601.278
MinimumVisualStudioVersion = 10.0.40219.1
Project("{FAE04EC0-301F-11D3-BF4B-00C04F79EFBC}") = "WebApplication_CadastroCarros", "WebApplication_CadastroCarros\WebApplication_CadastroCarros.csproj", "{DEC4995E-64DD-4B9E-8259-44D694B2F818}"
EndProject
Global
	GlobalSection(SolutionConfigurationPlatforms) = preSolution
		Debug|Any CPU = Debug|Any CPU
		Release|Any CPU = Release|Any CPU
	EndGlobalSection
	GlobalSection(ProjectConfigurationPlatforms) = postSolution
		{DEC4995E-64DD-4B9E-8259-44D694B2F818}.Debug|Any CPU.ActiveCfg = Debug|Any CPU
		{DEC4995E-64DD-4B9E-8259-44D694B2F818}.Debug|Any CPU.Build.0 = Debug|Any CPU
		{DEC4995E-64DD-4B9E-8259-44D694B2F818}.Release|Any CPU.ActiveCfg = Release|Any CPU
		{DEC4995E-64DD-4B9E-8259-44D694B2F818}.Release|Any CPU.Build.0 = Release|Any CPU
	EndGlobalSection
	GlobalSection(SolutionProperties) = preSolution
		HideSolutionNode = FALSE
	EndGlobalSection
	GlobalSection(ExtensibilityGlobals) = postSolution
		SolutionGuid = {6E95F559-F429-4676-9741-F018C1193655}
	EndGlobalSection
EndGlobal
